
Microsoft Visual Studio Solution File, Format Version 12.00
# Visual Studio Version 17
VisualStudioVersion = 17.6.33723.286
MinimumVisualStudioVersion = 10.0.40219.1
Project("{9A19103F-16F7-4668-BE54-9A1E7A4F7556}") = "FootballStore", "FootballStore\FootballStore.csproj", "{F170A659-9594-43FF-A7C6-0810CE8D9458}"
EndProject
Project("{9A19103F-16F7-4668-BE54-9A1E7A4F7556}") = "FootballStore.Core", "..\FootballStore.Core\FootballStore.Core.csproj", "{5EB058F0-725A-4800-9CDA-25C178AD9FD0}"
EndProject
Project("{9A19103F-16F7-4668-BE54-9A1E7A4F7556}") = "FootballStore.Infrastructure", "..\FootballStore.Infrastructure\FootballStore.Infrastructure.csproj", "{1D222908-9F59-428D-A40E-68B2A0EE4AA2}"
EndProject
Global
	GlobalSection(SolutionConfigurationPlatforms) = preSolution
		Debug|Any CPU = Debug|Any CPU
		Release|Any CPU = Release|Any CPU
	EndGlobalSection
	GlobalSection(ProjectConfigurationPlatforms) = postSolution
		{F170A659-9594-43FF-A7C6-0810CE8D9458}.Debug|Any CPU.ActiveCfg = Debug|Any CPU
		{F170A659-9594-43FF-A7C6-0810CE8D9458}.Debug|Any CPU.Build.0 = Debug|Any CPU
		{F170A659-9594-43FF-A7C6-0810CE8D9458}.Release|Any CPU.ActiveCfg = Release|Any CPU
		{F170A659-9594-43FF-A7C6-0810CE8D9458}.Release|Any CPU.Build.0 = Release|Any CPU
		{5EB058F0-725A-4800-9CDA-25C178AD9FD0}.Debug|Any CPU.ActiveCfg = Debug|Any CPU
		{5EB058F0-725A-4800-9CDA-25C178AD9FD0}.Debug|Any CPU.Build.0 = Debug|Any CPU
		{5EB058F0-725A-4800-9CDA-25C178AD9FD0}.Release|Any CPU.ActiveCfg = Release|Any CPU
		{5EB058F0-725A-4800-9CDA-25C178AD9FD0}.Release|Any CPU.Build.0 = Release|Any CPU
		{1D222908-9F59-428D-A40E-68B2A0EE4AA2}.Debug|Any CPU.ActiveCfg = Debug|Any CPU
		{1D222908-9F59-428D-A40E-68B2A0EE4AA2}.Debug|Any CPU.Build.0 = Debug|Any CPU
		{1D222908-9F59-428D-A40E-68B2A0EE4AA2}.Release|Any CPU.ActiveCfg = Release|Any CPU
		{1D222908-9F59-428D-A40E-68B2A0EE4AA2}.Release|Any CPU.Build.0 = Release|Any CPU
	EndGlobalSection
	GlobalSection(SolutionProperties) = preSolution
		HideSolutionNode = FALSE
	EndGlobalSection
	GlobalSection(ExtensibilityGlobals) = postSolution
		SolutionGuid = {51680CC4-4B11-422E-9CEC-CF18615D1D0B}
	EndGlobalSection
EndGlobal
